# This file was autogenerated by uv via the following command:
#    uv pip compile pyproject.toml -o uv.lock
blinker==1.9.0
    # via flask
certifi==2025.1.31
    # via requests
charset-normalizer==3.4.1
    # via requests
click==8.1.8
    # via flask
flask==3.1.0
    # via mediawaiter (pyproject.toml)
gunicorn==23.0.0
    # via mediawaiter (pyproject.toml)
idna==3.10
    # via requests
itsdangerous==2.2.0
    # via flask
jinja2==3.1.5
    # via flask
markupsafe==3.0.2
    # via
    #   jinja2
    #   werkzeug
packaging==24.2
    # via gunicorn
platformdirs==2.6.2
    # via mediawaiter (pyproject.toml)
pyjwt==2.10.1
    # via mediawaiter (pyproject.toml)
requests==2.32.3
    # via mediawaiter (pyproject.toml)
secure==0.3.0
    # via mediawaiter (pyproject.toml)
urllib3==2.3.0
    # via requests
werkzeug==3.1.3
    # via flask
