# THIS IS AN AUTOGENERATED FILE. DO NOT EDIT THIS FILE DIRECTLY.
# yarn lockfile v1


"@babel/runtime@^7.11.2", "@babel/runtime@^7.12.5", "@babel/runtime@^7.5.5":
  version "7.16.7"
  resolved "https://registry.yarnpkg.com/@babel/runtime/-/runtime-7.16.7.tgz#03ff99f64106588c9c403c6ecb8c3bafbbdff1fa"
  integrity sha512-9E9FJowqAsytyOY6LG+1KuueckRL+aQW+mKvXRXnuFGyRAyepJPmEo9vgMfXUA6O9u3IeEdv9MAkppFcaQwogQ==
  dependencies:
    regenerator-runtime "^0.13.4"

"@silvermine/videojs-airplay@^1.1.0":
  version "1.1.0"
  resolved "https://registry.yarnpkg.com/@silvermine/videojs-airplay/-/videojs-airplay-1.1.0.tgz#3f23fe9aaa4af9041f800d88f51b56748e214fdd"
  integrity sha512-f1N9YA9PJBVNpxv3/bfJZBbS9Qb51XL1+nnWqwOkDS1S6CbjGypan62nY6qU/uqKOHHQ+jXlRgQ5w9Dy3kbDjw==

"@silvermine/videojs-chromecast@^1.3.3":
  version "1.3.3"
  resolved "https://registry.yarnpkg.com/@silvermine/videojs-chromecast/-/videojs-chromecast-1.3.3.tgz#44d81a18f6812aace05c0c37bfd3abc07505d495"
  integrity sha512-vbytdnqgUzOYIxA1CEWYe19PHea9JlFULJSqJ00Z0E8xHwOk8LP3gtpQ4MnqH0IViciBDQmyq9ta/5rbDvDWEw==
  dependencies:
    class.extend "0.9.1"
    webcomponents.js "git+https://git@github.com/webcomponents/webcomponentsjs.git#v0.7.24"

"@videojs/http-streaming@2.12.0":
  version "2.12.0"
  resolved "https://registry.yarnpkg.com/@videojs/http-streaming/-/http-streaming-2.12.0.tgz#850069e063e26cf2fa5ed9bb3addfc92fa899f78"
  integrity sha512-vdQA0lDYBXGJqV2T02AGqg1w4dcgyRoN+bYG+G8uF4DpCEMhEtUI0BA4tRu4/Njar8w/9D5k0a1KX40pcvM3fA==
  dependencies:
    "@babel/runtime" "^7.12.5"
    "@videojs/vhs-utils" "3.0.4"
    aes-decrypter "3.1.2"
    global "^4.4.0"
    m3u8-parser "4.7.0"
    mpd-parser "0.19.2"
    mux.js "5.14.1"
    video.js "^6 || ^7"

"@videojs/vhs-utils@3.0.4", "@videojs/vhs-utils@^3.0.0", "@videojs/vhs-utils@^3.0.2", "@videojs/vhs-utils@^3.0.3":
  version "3.0.4"
  resolved "https://registry.yarnpkg.com/@videojs/vhs-utils/-/vhs-utils-3.0.4.tgz#e253eecd8e9318f767e752010d213587f94bb03a"
  integrity sha512-hui4zOj2I1kLzDgf8QDVxD3IzrwjS/43KiS8IHQO0OeeSsb4pB/lgNt1NG7Dv0wMQfCccUpMVLGcK618s890Yg==
  dependencies:
    "@babel/runtime" "^7.12.5"
    global "^4.4.0"
    url-toolkit "^2.2.1"

"@videojs/xhr@2.6.0":
  version "2.6.0"
  resolved "https://registry.yarnpkg.com/@videojs/xhr/-/xhr-2.6.0.tgz#cd897e0ad54faf497961bcce3fa16dc15a26bb80"
  integrity sha512-7J361GiN1tXpm+gd0xz2QWr3xNWBE+rytvo8J3KuggFaLg+U37gZQ2BuPLcnkfGffy2e+ozY70RHC8jt7zjA6Q==
  dependencies:
    "@babel/runtime" "^7.5.5"
    global "~4.4.0"
    is-function "^1.0.1"

"@xmldom/xmldom@^0.7.2":
  version "0.7.5"
  resolved "https://registry.yarnpkg.com/@xmldom/xmldom/-/xmldom-0.7.5.tgz#09fa51e356d07d0be200642b0e4f91d8e6dd408d"
  integrity sha512-V3BIhmY36fXZ1OtVcI9W+FxQqxVLsPKcNjWigIaa81dLC9IolJl5Mt4Cvhmr0flUnjSpTdrbMTSbXqYqV5dT6A==

aes-decrypter@3.1.2:
  version "3.1.2"
  resolved "https://registry.yarnpkg.com/aes-decrypter/-/aes-decrypter-3.1.2.tgz#3545546f8e9f6b878640339a242efe221ba7a7cb"
  integrity sha512-42nRwfQuPRj9R1zqZBdoxnaAmnIFyDi0MNyTVhjdFOd8fifXKKRfwIHIZ6AMn1or4x5WONzjwRTbTWcsIQ0O4A==
  dependencies:
    "@babel/runtime" "^7.12.5"
    "@videojs/vhs-utils" "^3.0.0"
    global "^4.4.0"
    pkcs7 "^1.0.4"

bootstrap@twbs/bootstrap#^3.3.7:
  version "3.4.1"
  resolved "https://codeload.github.com/twbs/bootstrap/tar.gz/68b0d231a13201eb14acd3dc84e51543d16e5f7e"

bootswatch-dist@dbtek/bootswatch-dist#slate:
  version "3.3.7-slate"
  resolved "https://codeload.github.com/dbtek/bootswatch-dist/tar.gz/f55986534babf801f99fde84e7144ca7a584263b"

class.extend@0.9.1:
  version "0.9.1"
  resolved "https://registry.yarnpkg.com/class.extend/-/class.extend-0.9.1.tgz#b4ee417c693740a44a92a6d64f1c9540641b097a"
  integrity sha1-tO5BfGk3QKRKkqbWTxyVQGQbCXo=

datatables.net-bs@DataTables/Dist-DataTables-Bootstrap#^1.10.12, datatables.net-bs@^1.10.15:
  version "1.11.4"
  resolved "https://codeload.github.com/DataTables/Dist-DataTables-Bootstrap/tar.gz/54709f7f908c201084c5b9181dd9b0b9a66c4ddb"
  dependencies:
    datatables.net ">=1.11.3"
    jquery ">=1.7"

datatables.net-responsive-bs@DataTables/Dist-DataTables-Responsive-Bootstrap#^2.1.0:
  version "2.2.9"
  resolved "https://codeload.github.com/DataTables/Dist-DataTables-Responsive-Bootstrap/tar.gz/9f8bc28ba3c2614c59e1574f427579c4f3f3c8c6"
  dependencies:
    datatables.net-bs "^1.10.15"
    datatables.net-responsive "2.2.9"
    jquery ">=1.7"

datatables.net-responsive@2.2.9, datatables.net-responsive@DataTables/Dist-DataTables-Responsive#^2.1.0:
  version "2.2.9"
  resolved "https://codeload.github.com/DataTables/Dist-DataTables-Responsive/tar.gz/d8f7495cddc1c384203e25af530eadc1c5642678"
  dependencies:
    datatables.net "^1.10.15"
    jquery ">=1.7"

datatables.net@>=1.11.3, datatables.net@DataTables/Dist-DataTables#^1.10.12, datatables.net@^1.10.15:
  version "1.11.4"
  resolved "https://codeload.github.com/DataTables/Dist-DataTables/tar.gz/a74493989b0373a85e981a96c00166ea4cc0910f"
  dependencies:
    jquery ">=1.7"

dom-walk@^0.1.0:
  version "0.1.2"
  resolved "https://registry.yarnpkg.com/dom-walk/-/dom-walk-0.1.2.tgz#0c548bef048f4d1f2a97249002236060daa3fd84"
  integrity sha512-6QvTW9mrGeIegrFXdtQi9pk7O/nSK6lSdXW2eqUspN5LWD7UTji2Fqw5V2YLjBpHEoU9Xl/eUWNpDeZvoyOv2w==

global@^4.3.1, global@^4.4.0, global@~4.4.0:
  version "4.4.0"
  resolved "https://registry.yarnpkg.com/global/-/global-4.4.0.tgz#3e7b105179006a323ed71aafca3e9c57a5cc6406"
  integrity sha512-wv/LAoHdRE3BeTGz53FAamhGlPLhlssK45usmGFThIi4XqnBmjKQ16u+RNbP7WvigRZDxUsM0J3gcQ5yicaL0w==
  dependencies:
    min-document "^2.19.0"
    process "^0.11.10"

individual@^2.0.0:
  version "2.0.0"
  resolved "https://registry.yarnpkg.com/individual/-/individual-2.0.0.tgz#833b097dad23294e76117a98fb38e0d9ad61bb97"
  integrity sha1-gzsJfa0jKU52EXqY+zjg2a1hu5c=

is-function@^1.0.1:
  version "1.0.2"
  resolved "https://registry.yarnpkg.com/is-function/-/is-function-1.0.2.tgz#4f097f30abf6efadac9833b17ca5dc03f8144e08"
  integrity sha512-lw7DUp0aWXYg+CBCN+JKkcE0Q2RayZnSvnZBlwgxHBQhqt5pZNVy4Ri7H9GmmXkdu7LUthszM+Tor1u/2iBcpQ==

jquery@>=1.7:
  version "3.6.0"
  resolved "https://registry.yarnpkg.com/jquery/-/jquery-3.6.0.tgz#c72a09f15c1bdce142f49dbf1170bdf8adac2470"
  integrity sha512-JVzAR/AjBvVt2BmYhxRCSYysDsPcssdmTFnzyLEts9qNwmjmu4JTAMYubEfwVOSwpQ1I1sKKFcxhZCI2buerfw==

jquery@jquery/jquery-dist#^3.1.1:
  version "3.6.0"
  resolved "https://codeload.github.com/jquery/jquery-dist/tar.gz/e786e3d9707ffd9b0dd330ca135b66344dcef85a"

keycode@^2.2.0:
  version "2.2.1"
  resolved "https://registry.yarnpkg.com/keycode/-/keycode-2.2.1.tgz#09c23b2be0611d26117ea2501c2c391a01f39eff"
  integrity sha512-Rdgz9Hl9Iv4QKi8b0OlCRQEzp4AgVxyCtz5S/+VIHezDmrDhkp2N2TqBWOLz0/gbeREXOOiI9/4b8BY9uw2vFg==

m3u8-parser@4.7.0:
  version "4.7.0"
  resolved "https://registry.yarnpkg.com/m3u8-parser/-/m3u8-parser-4.7.0.tgz#e01e8ce136098ade1b14ee691ea20fc4dc60abf6"
  integrity sha512-48l/OwRyjBm+QhNNigEEcRcgbRvnUjL7rxs597HmW9QSNbyNvt+RcZ9T/d9vxi9A9z7EZrB1POtZYhdRlwYQkQ==
  dependencies:
    "@babel/runtime" "^7.12.5"
    "@videojs/vhs-utils" "^3.0.0"
    global "^4.4.0"

min-document@^2.19.0:
  version "2.19.0"
  resolved "https://registry.yarnpkg.com/min-document/-/min-document-2.19.0.tgz#7bd282e3f5842ed295bb748cdd9f1ffa2c824685"
  integrity sha1-e9KC4/WELtKVu3SM3Z8f+iyCRoU=
  dependencies:
    dom-walk "^0.1.0"

mpd-parser@0.19.2:
  version "0.19.2"
  resolved "https://registry.yarnpkg.com/mpd-parser/-/mpd-parser-0.19.2.tgz#68611e653cdf2cc1e90688825c4a129b7f9007e0"
  integrity sha512-M5tAIdtBM2TN+OSTz/37T7V+h9ZLvhyNqq4TNIdtjAQ/Hg8UnMRf5nJQDjffcXag3POXi31yUJQEKOXdcAM/nw==
  dependencies:
    "@babel/runtime" "^7.12.5"
    "@videojs/vhs-utils" "^3.0.2"
    "@xmldom/xmldom" "^0.7.2"
    global "^4.4.0"

mux.js@5.14.1:
  version "5.14.1"
  resolved "https://registry.yarnpkg.com/mux.js/-/mux.js-5.14.1.tgz#209583f454255d9ba2ff1bb61ad5a6867cf61878"
  integrity sha512-38kA/xjWRDzMbcpHQfhKbJAME8eTZVsb9U2Puk890oGvGqnyu8B/AkKdICKPHkigfqYX9MY20vje88TP14nhog==
  dependencies:
    "@babel/runtime" "^7.11.2"

pkcs7@^1.0.4:
  version "1.0.4"
  resolved "https://registry.yarnpkg.com/pkcs7/-/pkcs7-1.0.4.tgz#6090b9e71160dabf69209d719cbafa538b00a1cb"
  integrity sha512-afRERtHn54AlwaF2/+LFszyAANTCggGilmcmILUzEjvs3XgFZT+xE6+QWQcAGmu4xajy+Xtj7acLOPdx5/eXWQ==
  dependencies:
    "@babel/runtime" "^7.5.5"

process@^0.11.10:
  version "0.11.10"
  resolved "https://registry.yarnpkg.com/process/-/process-0.11.10.tgz#7332300e840161bda3e69a1d1d91a7d4bc16f182"
  integrity sha1-czIwDoQBYb2j5podHZGn1LwW8YI=

regenerator-runtime@^0.13.4:
  version "0.13.9"
  resolved "https://registry.yarnpkg.com/regenerator-runtime/-/regenerator-runtime-0.13.9.tgz#8925742a98ffd90814988d7566ad30ca3b263b52"
  integrity sha512-p3VT+cOEgxFsRRA9X4lkI1E+k2/CtnKtU4gcxyaCUreilL/vqI6CdZ3wxVUx3UOUg+gnUOQQcRI7BmSI656MYA==

rust-result@^1.0.0:
  version "1.0.0"
  resolved "https://registry.yarnpkg.com/rust-result/-/rust-result-1.0.0.tgz#34c75b2e6dc39fe5875e5bdec85b5e0f91536f72"
  integrity sha1-NMdbLm3Dn+WHXlveyFteD5FTb3I=
  dependencies:
    individual "^2.0.0"

safe-json-parse@4.0.0:
  version "4.0.0"
  resolved "https://registry.yarnpkg.com/safe-json-parse/-/safe-json-parse-4.0.0.tgz#7c0f578cfccd12d33a71c0e05413e2eca171eaac"
  integrity sha1-fA9XjPzNEtM6ccDgVBPi7KFx6qw=
  dependencies:
    rust-result "^1.0.0"

url-toolkit@^2.2.1:
  version "2.2.4"
  resolved "https://registry.yarnpkg.com/url-toolkit/-/url-toolkit-2.2.4.tgz#153729099368ba4a11b393db13da0c50e54e856c"
  integrity sha512-iRttD8+Nz3UnBUnq/uzwggD+WJtaY0iwpvvuydlKV87DDvT4gYfbug7GM6H7zo14srm6NubIy78vRZkl6KcQWA==

"video.js@^6 || ^7", video.js@^7, video.js@^7.17.0:
  version "7.17.0"
  resolved "https://registry.yarnpkg.com/video.js/-/video.js-7.17.0.tgz#35918cc03748a5680f5d5f1da410e06eeea7786e"
  integrity sha512-8RbLu9+Pdpep9OTPncUHIvZXFgn/7hKdPnSTE/lGSnlFSucXtTUBp41R7NDwncscMLQ0WgazUbmFlvr4MNWMbA==
  dependencies:
    "@babel/runtime" "^7.12.5"
    "@videojs/http-streaming" "2.12.0"
    "@videojs/vhs-utils" "^3.0.3"
    "@videojs/xhr" "2.6.0"
    aes-decrypter "3.1.2"
    global "^4.4.0"
    keycode "^2.2.0"
    m3u8-parser "4.7.0"
    mpd-parser "0.19.2"
    mux.js "5.14.1"
    safe-json-parse "4.0.0"
    videojs-font "3.2.0"
    videojs-vtt.js "^0.15.3"

videojs-font@3.2.0:
  version "3.2.0"
  resolved "https://registry.yarnpkg.com/videojs-font/-/videojs-font-3.2.0.tgz#212c9d3f4e4ec3fa7345167d64316add35e92232"
  integrity sha512-g8vHMKK2/JGorSfqAZQUmYYNnXmfec4MLhwtEFS+mMs2IDY398GLysy6BH6K+aS1KMNu/xWZ8Sue/X/mdQPliA==

videojs-mobile-ui@^0.7.0:
  version "0.7.0"
  resolved "https://registry.yarnpkg.com/videojs-mobile-ui/-/videojs-mobile-ui-0.7.0.tgz#cbac7ded4f51bf4ed45f4e59d01cf577d38a7c6c"
  integrity sha512-cfctMUsu+EJ8IYPfAHR6ZTr2fbJWL3Af9QpvTS7JFvEkrGSMLLpuH62uatQ3pxUs4MISs8kgb8/PUqROpfh7MQ==
  dependencies:
    global "^4.4.0"
    video.js "^7"

videojs-seek-buttons@^2.2.0:
  version "2.2.0"
  resolved "https://registry.yarnpkg.com/videojs-seek-buttons/-/videojs-seek-buttons-2.2.0.tgz#50b8da1178a5718ee5a7649fbb90a64a518103f7"
  integrity sha512-yjCA6ntq+8fRKgZi/H6QJlghQWgA1x9oSRl6wfLODAcujhynDXetwMgRKGgl4NlV5af2bKY6erNtJ0kOBko/nQ==
  dependencies:
    global "^4.4.0"
    video.js "^6 || ^7"

videojs-vtt.js@^0.15.3:
  version "0.15.3"
  resolved "https://registry.yarnpkg.com/videojs-vtt.js/-/videojs-vtt.js-0.15.3.tgz#84260393b79487fcf195d9372f812d7fab83a993"
  integrity sha512-5FvVsICuMRx6Hd7H/Y9s9GDeEtYcXQWzGMS+sl4UX3t/zoHp3y+isSfIPRochnTH7h+Bh1ILyC639xy9Z6kPag==
  dependencies:
    global "^4.3.1"

"webcomponents.js@git+https://git@github.com/webcomponents/webcomponentsjs.git#v0.7.24":
  version "0.7.24"
  resolved "git+https://git@github.com/webcomponents/webcomponentsjs.git#8a2e40557b177e2cca0def2553f84c8269c8f93e"

yarn@^1.22.10:
  version "1.22.17"
  resolved "https://registry.yarnpkg.com/yarn/-/yarn-1.22.17.tgz#bf910747d22497b573131f7341c0e1d15c74036c"
  integrity sha512-H0p241BXaH0UN9IeH//RT82tl5PfNraVpSpEoW+ET7lmopNC61eZ+A+IDvU8FM6Go5vx162SncDL8J1ZjRBriQ==
