# THIS IS AN AUTOGENERATED FILE. DO NOT EDIT THIS FILE DIRECTLY.
# yarn lockfile v1


"@babel/runtime@^7.11.2", "@babel/runtime@^7.12.5", "@babel/runtime@^7.5.5":
  version "7.22.10"
  resolved "https://registry.yarnpkg.com/@babel/runtime/-/runtime-7.22.10.tgz#ae3e9631fd947cb7e3610d3e9d8fef5f76696682"
  integrity sha512-21t/fkKLMZI4pqP2wlmsQAWnYW1PDyKyyUV4vCi+B25ydmdaYTKXPwCj0BzSUnZf4seIiYvSA3jcZ3gdsMFkLQ==
  dependencies:
    regenerator-runtime "^0.14.0"

"@silvermine/videojs-airplay@^1.2.0":
  version "1.2.0"
  resolved "https://registry.yarnpkg.com/@silvermine/videojs-airplay/-/videojs-airplay-1.2.0.tgz#3ca6464c8e94c97bb9f35c2926f59a5aa662cebd"
  integrity sha512-4KzHoM/wJaq3au8IBLxnz8+btAB/M/2AdMoAoOdZRpp9DGG8SGU/UPw2w+CRMknvfbGtvlhlNrNiiXVWA6Cn0A==

"@silvermine/videojs-chromecast@^1.4.1":
  version "1.4.1"
  resolved "https://registry.yarnpkg.com/@silvermine/videojs-chromecast/-/videojs-chromecast-1.4.1.tgz#a5763eb85dfd4bc8f47a1b8b150d5dadbb8ea658"
  integrity sha512-tXeikkWoNC3WIl2WSkIag1CLMbGsgn+26LM4LoB4qx0TQ8mkg7pgpldCTkvXxLVaDluQ/uEm2uxrgrMmjOc6sw==
  dependencies:
    webcomponents.js "git+https://git@github.com/webcomponents/webcomponentsjs.git#v0.7.24"

"@videojs/http-streaming@2.16.2":
  version "2.16.2"
  resolved "https://registry.yarnpkg.com/@videojs/http-streaming/-/http-streaming-2.16.2.tgz#a9be925b4e368a41dbd67d49c4f566715169b84b"
  integrity sha512-etPTUdCFu7gUWc+1XcbiPr+lrhOcBu3rV5OL1M+3PDW89zskScAkkcdqYzP4pFodBPye/ydamQoTDScOnElw5A==
  dependencies:
    "@babel/runtime" "^7.12.5"
    "@videojs/vhs-utils" "3.0.5"
    aes-decrypter "3.1.3"
    global "^4.4.0"
    m3u8-parser "4.8.0"
    mpd-parser "^0.22.1"
    mux.js "6.0.1"
    video.js "^6 || ^7"

"@videojs/http-streaming@3.0.2":
  version "3.0.2"
  resolved "https://registry.yarnpkg.com/@videojs/http-streaming/-/http-streaming-3.0.2.tgz#3498dacf4bc66ec1b663b1ec710ca62a037ea8b2"
  integrity sha512-iSZkwTLGg3Rx78ypCCq/GsMME89ElNvU02xj7reCE2PlITMQjyYsER1w5AsySvT1A694u5yuSzEzLLGF1cL4pg==
  dependencies:
    "@babel/runtime" "^7.12.5"
    "@videojs/vhs-utils" "4.0.0"
    aes-decrypter "4.0.1"
    global "^4.4.0"
    m3u8-parser "^6.0.0"
    mpd-parser "^1.0.1"
    mux.js "6.3.0"
    video.js "^7 || ^8"

"@videojs/vhs-utils@3.0.5", "@videojs/vhs-utils@^3.0.4", "@videojs/vhs-utils@^3.0.5":
  version "3.0.5"
  resolved "https://registry.yarnpkg.com/@videojs/vhs-utils/-/vhs-utils-3.0.5.tgz#665ba70d78258ba1ab977364e2fe9f4d4799c46c"
  integrity sha512-PKVgdo8/GReqdx512F+ombhS+Bzogiofy1LgAj4tN8PfdBx3HSS7V5WfJotKTqtOWGwVfSWsrYN/t09/DSryrw==
  dependencies:
    "@babel/runtime" "^7.12.5"
    global "^4.4.0"
    url-toolkit "^2.2.1"

"@videojs/vhs-utils@4.0.0", "@videojs/vhs-utils@^4.0.0":
  version "4.0.0"
  resolved "https://registry.yarnpkg.com/@videojs/vhs-utils/-/vhs-utils-4.0.0.tgz#4d4dbf5d61a9fbd2da114b84ec747c3a483bc60d"
  integrity sha512-xJp7Yd4jMLwje2vHCUmi8MOUU76nxiwII3z4Eg3Ucb+6rrkFVGosrXlMgGnaLjq724j3wzNElRZ71D/CKrTtxg==
  dependencies:
    "@babel/runtime" "^7.12.5"
    global "^4.4.0"
    url-toolkit "^2.2.1"

"@videojs/xhr@2.6.0":
  version "2.6.0"
  resolved "https://registry.yarnpkg.com/@videojs/xhr/-/xhr-2.6.0.tgz#cd897e0ad54faf497961bcce3fa16dc15a26bb80"
  integrity sha512-7J361GiN1tXpm+gd0xz2QWr3xNWBE+rytvo8J3KuggFaLg+U37gZQ2BuPLcnkfGffy2e+ozY70RHC8jt7zjA6Q==
  dependencies:
    "@babel/runtime" "^7.5.5"
    global "~4.4.0"
    is-function "^1.0.1"

"@xmldom/xmldom@^0.8.3":
  version "0.8.10"
  resolved "https://registry.yarnpkg.com/@xmldom/xmldom/-/xmldom-0.8.10.tgz#a1337ca426aa61cef9fe15b5b28e340a72f6fa99"
  integrity sha512-2WALfTl4xo2SkGCYRt6rDTFfk9R1czmBvUQy12gK2KuRKIpWEhcbbzy8EZXtz/jkRqHX8bFEc6FC1HjX4TUWYw==

aes-decrypter@3.1.3:
  version "3.1.3"
  resolved "https://registry.yarnpkg.com/aes-decrypter/-/aes-decrypter-3.1.3.tgz#65ff5f2175324d80c41083b0e135d1464b12ac35"
  integrity sha512-VkG9g4BbhMBy+N5/XodDeV6F02chEk9IpgRTq/0bS80y4dzy79VH2Gtms02VXomf3HmyRe3yyJYkJ990ns+d6A==
  dependencies:
    "@babel/runtime" "^7.12.5"
    "@videojs/vhs-utils" "^3.0.5"
    global "^4.4.0"
    pkcs7 "^1.0.4"

aes-decrypter@4.0.1, aes-decrypter@^4.0.1:
  version "4.0.1"
  resolved "https://registry.yarnpkg.com/aes-decrypter/-/aes-decrypter-4.0.1.tgz#c1a81d0bde0e96fed0674488d2a31a6d7ab9b7a7"
  integrity sha512-H1nh/P9VZXUf17AA5NQfJML88CFjVBDuGkp5zDHa7oEhYN9TTpNLJknRY1ie0iSKWlDf6JRnJKaZVDSQdPy6Cg==
  dependencies:
    "@babel/runtime" "^7.12.5"
    "@videojs/vhs-utils" "^3.0.5"
    global "^4.4.0"
    pkcs7 "^1.0.4"

bootstrap-icons@^1.10.5:
  version "1.10.5"
  resolved "https://registry.yarnpkg.com/bootstrap-icons/-/bootstrap-icons-1.10.5.tgz#5a1bbb1bb2212397d416587db1d422cc9501847c"
  integrity sha512-oSX26F37V7QV7NCE53PPEL45d7EGXmBgHG3pDpZvcRaKVzWMqIRL9wcqJUyEha1esFtM3NJzvmxFXDxjJYD0jQ==

bootstrap@^5.3.1:
  version "5.3.1"
  resolved "https://registry.yarnpkg.com/bootstrap/-/bootstrap-5.3.1.tgz#8ca07040ad15d7f75891d1504cf14c5dedfb1cfe"
  integrity sha512-jzwza3Yagduci2x0rr9MeFSORjcHpt0lRZukZPZQJT1Dth5qzV7XcgGqYzi39KGAVYR8QEDVoO0ubFKOxzMG+g==

datatables.net-bs5@>=1.13.4, datatables.net-bs5@^1.13.6:
  version "1.13.6"
  resolved "https://registry.yarnpkg.com/datatables.net-bs5/-/datatables.net-bs5-1.13.6.tgz#33bf10c0844bb08e17327d841089c1f277f796ff"
  integrity sha512-lXroZoXhLhDulp8gvU7y7wBherg38SbLMGXcHwbnj+XXh4Hvy+d67zSPYbrVI3YiRwYq+aCx15G5qmMj7KjYQg==
  dependencies:
    datatables.net ">=1.13.4"
    jquery ">=1.7"

datatables.net-responsive-bs5@^2.5.0:
  version "2.5.0"
  resolved "https://registry.yarnpkg.com/datatables.net-responsive-bs5/-/datatables.net-responsive-bs5-2.5.0.tgz#62a2702147f1a95f5949cc34e3482db943f67108"
  integrity sha512-GklXpvBKOal11chL9l8RiQsvKYEZwxKA50pgwlkrbxrmRmqMH7+sMvLSE42QQCa5E5fWqtYsYdTY+SNkHfa+qA==
  dependencies:
    datatables.net-bs5 ">=1.13.4"
    datatables.net-responsive ">=2.4.1"
    jquery ">=1.7"

datatables.net-responsive@>=2.4.1:
  version "2.5.0"
  resolved "https://registry.yarnpkg.com/datatables.net-responsive/-/datatables.net-responsive-2.5.0.tgz#56919903646648f362f58c25784794fb89effda1"
  integrity sha512-GL7DFiRl5qqrp5ql54Psz92xTGPR0rMcrO3hzNxMfvcfpRGL5zFNTvMpTUh59Erm6u1+KoX+j+Ig1ZD3r0iFsA==
  dependencies:
    datatables.net ">=1.13.4"
    jquery ">=1.7"

datatables.net-scroller-bs5@^2.2.0:
  version "2.2.0"
  resolved "https://registry.yarnpkg.com/datatables.net-scroller-bs5/-/datatables.net-scroller-bs5-2.2.0.tgz#ad04c7e67682f6d83f01c0a2a88df2d5012d59c9"
  integrity sha512-eWTgy41lpPRUoTTAspbZLWBQvsexXCVSFNapBPXX4lx1HopMM0fQ5Hxy+liU8IyuBMCHUqO1RxY/URPyWrCtuQ==
  dependencies:
    datatables.net-bs5 ">=1.13.4"
    datatables.net-scroller ">=2.1.1"
    jquery ">=1.7"

datatables.net-scroller@>=2.1.1:
  version "2.2.0"
  resolved "https://registry.yarnpkg.com/datatables.net-scroller/-/datatables.net-scroller-2.2.0.tgz#95a8923c1bfa7154a35e415eb373494b2168ad5d"
  integrity sha512-+erNWYqb8qTGhtt23Weh/i2XuEPthHGtZobAEEqpTZSg7IXMl6jKDh41LAI0+KfvzSPURK1ttVRBtigyNS/zyA==
  dependencies:
    datatables.net ">=1.13.4"
    jquery ">=1.7"

datatables.net@>=1.13.4:
  version "1.13.6"
  resolved "https://registry.yarnpkg.com/datatables.net/-/datatables.net-1.13.6.tgz#6e282adbbb2732e8df495611b8bb54e19f7a943e"
  integrity sha512-rHNcnW+yEP9me82/KmRcid5eKrqPqW3+I/p1TwqCW3c/7GRYYkDyF6aJQOQ9DNS/pw+nyr4BVpjyJ3yoZXiFPg==
  dependencies:
    jquery ">=1.7"

dom-walk@^0.1.0:
  version "0.1.2"
  resolved "https://registry.yarnpkg.com/dom-walk/-/dom-walk-0.1.2.tgz#0c548bef048f4d1f2a97249002236060daa3fd84"
  integrity sha512-6QvTW9mrGeIegrFXdtQi9pk7O/nSK6lSdXW2eqUspN5LWD7UTji2Fqw5V2YLjBpHEoU9Xl/eUWNpDeZvoyOv2w==

global@4.4.0, global@^4.3.1, global@^4.4.0, global@~4.4.0:
  version "4.4.0"
  resolved "https://registry.yarnpkg.com/global/-/global-4.4.0.tgz#3e7b105179006a323ed71aafca3e9c57a5cc6406"
  integrity sha512-wv/LAoHdRE3BeTGz53FAamhGlPLhlssK45usmGFThIi4XqnBmjKQ16u+RNbP7WvigRZDxUsM0J3gcQ5yicaL0w==
  dependencies:
    min-document "^2.19.0"
    process "^0.11.10"

individual@^2.0.0:
  version "2.0.0"
  resolved "https://registry.yarnpkg.com/individual/-/individual-2.0.0.tgz#833b097dad23294e76117a98fb38e0d9ad61bb97"
  integrity sha512-pWt8hBCqJsUWI/HtcfWod7+N9SgAqyPEaF7JQjwzjn5vGrpg6aQ5qeAFQ7dx//UH4J1O+7xqew+gCeeFt6xN/g==

is-function@^1.0.1:
  version "1.0.2"
  resolved "https://registry.yarnpkg.com/is-function/-/is-function-1.0.2.tgz#4f097f30abf6efadac9833b17ca5dc03f8144e08"
  integrity sha512-lw7DUp0aWXYg+CBCN+JKkcE0Q2RayZnSvnZBlwgxHBQhqt5pZNVy4Ri7H9GmmXkdu7LUthszM+Tor1u/2iBcpQ==

jquery@>=1.7:
  version "3.7.0"
  resolved "https://registry.yarnpkg.com/jquery/-/jquery-3.7.0.tgz#fe2c01a05da500709006d8790fe21c8a39d75612"
  integrity sha512-umpJ0/k8X0MvD1ds0P9SfowREz2LenHsQaxSohMZ5OMNEU2r0tf8pdeEFTHMFxWVxKNyU9rTtK3CWzUCTKJUeQ==

jquery@jquery/jquery-dist#^3.7.0:
  version "3.7.0"
  resolved "https://codeload.github.com/jquery/jquery-dist/tar.gz/b755b3e9ab895aed7f409ec48a1349f5b185f55f"

keycode@2.2.0:
  version "2.2.0"
  resolved "https://registry.yarnpkg.com/keycode/-/keycode-2.2.0.tgz#3d0af56dc7b8b8e5cba8d0a97f107204eec22b04"
  integrity sha512-ps3I9jAdNtRpJrbBvQjpzyFbss/skHqzS+eu4RxKLaEAtFqkjZaB6TZMSivPbLxf4K7VI4SjR0P5mRCX5+Q25A==

keycode@^2.2.0:
  version "2.2.1"
  resolved "https://registry.yarnpkg.com/keycode/-/keycode-2.2.1.tgz#09c23b2be0611d26117ea2501c2c391a01f39eff"
  integrity sha512-Rdgz9Hl9Iv4QKi8b0OlCRQEzp4AgVxyCtz5S/+VIHezDmrDhkp2N2TqBWOLz0/gbeREXOOiI9/4b8BY9uw2vFg==

m3u8-parser@4.8.0:
  version "4.8.0"
  resolved "https://registry.yarnpkg.com/m3u8-parser/-/m3u8-parser-4.8.0.tgz#4a2d591fdf6f2579d12a327081198df8af83083d"
  integrity sha512-UqA2a/Pw3liR6Df3gwxrqghCP17OpPlQj6RBPLYygf/ZSQ4MoSgvdvhvt35qV+3NaaA0FSZx93Ix+2brT1U7cA==
  dependencies:
    "@babel/runtime" "^7.12.5"
    "@videojs/vhs-utils" "^3.0.5"
    global "^4.4.0"

m3u8-parser@^6.0.0:
  version "6.2.0"
  resolved "https://registry.yarnpkg.com/m3u8-parser/-/m3u8-parser-6.2.0.tgz#5b2f2fe103b76bd3ffc77c6b1eafc3772b1251dd"
  integrity sha512-qlC00JTxYOxawcqg+RB8jbyNwL3foY/nCY61kyWP+RCuJE9APLeqB/nSlTjb4Mg0yRmyERgjswpdQxMvkeoDrg==
  dependencies:
    "@babel/runtime" "^7.12.5"
    "@videojs/vhs-utils" "^3.0.5"
    global "^4.4.0"

min-document@^2.19.0:
  version "2.19.0"
  resolved "https://registry.yarnpkg.com/min-document/-/min-document-2.19.0.tgz#7bd282e3f5842ed295bb748cdd9f1ffa2c824685"
  integrity sha512-9Wy1B3m3f66bPPmU5hdA4DR4PB2OfDU/+GS3yAB7IQozE3tqXaVv2zOjgla7MEGSRv95+ILmOuvhLkOK6wJtCQ==
  dependencies:
    dom-walk "^0.1.0"

mpd-parser@0.22.1, mpd-parser@^0.22.1:
  version "0.22.1"
  resolved "https://registry.yarnpkg.com/mpd-parser/-/mpd-parser-0.22.1.tgz#bc2bf7d3e56368e4b0121035b055675401871521"
  integrity sha512-fwBebvpyPUU8bOzvhX0VQZgSohncbgYwUyJJoTSNpmy7ccD2ryiCvM7oRkn/xQH5cv73/xU7rJSNCLjdGFor0Q==
  dependencies:
    "@babel/runtime" "^7.12.5"
    "@videojs/vhs-utils" "^3.0.5"
    "@xmldom/xmldom" "^0.8.3"
    global "^4.4.0"

mpd-parser@^1.0.1:
  version "1.1.1"
  resolved "https://registry.yarnpkg.com/mpd-parser/-/mpd-parser-1.1.1.tgz#38b5f1ce44bd1c43cc915c2178783ad0c7334a5e"
  integrity sha512-uZ/db5wQdlQn1L+OD49YXBhPI9UGeK1SeQE4D5EoaJIhf0WM9X3HDj8d+9PjoG06CgCvGZw3YW/wsHku+CH3yA==
  dependencies:
    "@babel/runtime" "^7.12.5"
    "@videojs/vhs-utils" "^3.0.5"
    "@xmldom/xmldom" "^0.8.3"
    global "^4.4.0"

mux.js@6.0.1:
  version "6.0.1"
  resolved "https://registry.yarnpkg.com/mux.js/-/mux.js-6.0.1.tgz#65ce0f7a961d56c006829d024d772902d28c7755"
  integrity sha512-22CHb59rH8pWGcPGW5Og7JngJ9s+z4XuSlYvnxhLuc58cA1WqGDQPzuG8I+sPm1/p0CdgpzVTaKW408k5DNn8w==
  dependencies:
    "@babel/runtime" "^7.11.2"
    global "^4.4.0"

mux.js@6.3.0, mux.js@^6.2.0:
  version "6.3.0"
  resolved "https://registry.yarnpkg.com/mux.js/-/mux.js-6.3.0.tgz#b0a46bc468402f7ce2be4e0f87ce903f8683bfeb"
  integrity sha512-/QTkbSAP2+w1nxV+qTcumSDN5PA98P0tjrADijIzQHe85oBK3Akhy9AHlH0ne/GombLMz1rLyvVsmrgRxoPDrQ==
  dependencies:
    "@babel/runtime" "^7.11.2"
    global "^4.4.0"

pkcs7@^1.0.4:
  version "1.0.4"
  resolved "https://registry.yarnpkg.com/pkcs7/-/pkcs7-1.0.4.tgz#6090b9e71160dabf69209d719cbafa538b00a1cb"
  integrity sha512-afRERtHn54AlwaF2/+LFszyAANTCggGilmcmILUzEjvs3XgFZT+xE6+QWQcAGmu4xajy+Xtj7acLOPdx5/eXWQ==
  dependencies:
    "@babel/runtime" "^7.5.5"

process@^0.11.10:
  version "0.11.10"
  resolved "https://registry.yarnpkg.com/process/-/process-0.11.10.tgz#7332300e840161bda3e69a1d1d91a7d4bc16f182"
  integrity sha512-cdGef/drWFoydD1JsMzuFf8100nZl+GT+yacc2bEced5f9Rjk4z+WtFUTBu9PhOi9j/jfmBPu0mMEY4wIdAF8A==

regenerator-runtime@^0.14.0:
  version "0.14.0"
  resolved "https://registry.yarnpkg.com/regenerator-runtime/-/regenerator-runtime-0.14.0.tgz#5e19d68eb12d486f797e15a3c6a918f7cec5eb45"
  integrity sha512-srw17NI0TUWHuGa5CFGGmhfNIeja30WMBfbslPNhf6JrqQlLN5gcrvig1oqPxiVaXb0oW0XRKtH6Nngs5lKCIA==

rust-result@^1.0.0:
  version "1.0.0"
  resolved "https://registry.yarnpkg.com/rust-result/-/rust-result-1.0.0.tgz#34c75b2e6dc39fe5875e5bdec85b5e0f91536f72"
  integrity sha512-6cJzSBU+J/RJCF063onnQf0cDUOHs9uZI1oroSGnHOph+CQTIJ5Pp2hK5kEQq1+7yE/EEWfulSNXAQ2jikPthA==
  dependencies:
    individual "^2.0.0"

safe-json-parse@4.0.0:
  version "4.0.0"
  resolved "https://registry.yarnpkg.com/safe-json-parse/-/safe-json-parse-4.0.0.tgz#7c0f578cfccd12d33a71c0e05413e2eca171eaac"
  integrity sha512-RjZPPHugjK0TOzFrLZ8inw44s9bKox99/0AZW9o/BEQVrJfhI+fIHMErnPyRa89/yRXUUr93q+tiN6zhoVV4wQ==
  dependencies:
    rust-result "^1.0.0"

url-toolkit@^2.2.1:
  version "2.2.5"
  resolved "https://registry.yarnpkg.com/url-toolkit/-/url-toolkit-2.2.5.tgz#58406b18e12c58803e14624df5e374f638b0f607"
  integrity sha512-mtN6xk+Nac+oyJ/PrI7tzfmomRVNFIWKUbG8jdYFt52hxbiReFAXIjYskvu64/dvuW71IcB7lV8l0HvZMac6Jg==

"video.js@^6 || ^7", video.js@^7:
  version "7.21.5"
  resolved "https://registry.yarnpkg.com/video.js/-/video.js-7.21.5.tgz#36fcbbdeded757089a10bbb78f49c360a2d0c9d4"
  integrity sha512-WRq86tXZKrThA9mK+IR+v4tIQVVvnb5LhvL71fD2AX7TxVOPdaeK1X/wyuUruBqWaOG3w2sZXoMY6HF2Jlo9qA==
  dependencies:
    "@babel/runtime" "^7.12.5"
    "@videojs/http-streaming" "2.16.2"
    "@videojs/vhs-utils" "^3.0.4"
    "@videojs/xhr" "2.6.0"
    aes-decrypter "3.1.3"
    global "^4.4.0"
    keycode "^2.2.0"
    m3u8-parser "4.8.0"
    mpd-parser "0.22.1"
    mux.js "6.0.1"
    safe-json-parse "4.0.0"
    videojs-font "3.2.0"
    videojs-vtt.js "^0.15.5"

"video.js@^7 || ^8", video.js@^8.3.0:
  version "8.3.0"
  resolved "https://registry.yarnpkg.com/video.js/-/video.js-8.3.0.tgz#5324d8e3f5648712d02117520f5a71166df6f01a"
  integrity sha512-Vp3mqMLSUE354t+G8CbZKwcV520VKoS5fow8zjnEEKFuqStmkmnvK7/FurP6zuP/oWGJ1rqlKxML56kmJOrwRw==
  dependencies:
    "@babel/runtime" "^7.12.5"
    "@videojs/http-streaming" "3.0.2"
    "@videojs/vhs-utils" "^4.0.0"
    "@videojs/xhr" "2.6.0"
    aes-decrypter "^4.0.1"
    global "4.4.0"
    keycode "2.2.0"
    m3u8-parser "^6.0.0"
    mpd-parser "^1.0.1"
    mux.js "^6.2.0"
    safe-json-parse "4.0.0"
    videojs-contrib-quality-levels "3.0.0"
    videojs-font "4.1.0"
    videojs-vtt.js "0.15.4"

videojs-contrib-quality-levels@3.0.0:
  version "3.0.0"
  resolved "https://registry.yarnpkg.com/videojs-contrib-quality-levels/-/videojs-contrib-quality-levels-3.0.0.tgz#bc66f1333b763754b4425455bee4ef6e5ba53984"
  integrity sha512-sNx38EYUx+Q+gmup1gVTv9P9/sPs28rM7gZOx1sedaHoKxEdYB+ysOGfHj6MSELBMNGMj6ZspdrpSiWguGvGxA==
  dependencies:
    global "^4.4.0"

videojs-font@3.2.0:
  version "3.2.0"
  resolved "https://registry.yarnpkg.com/videojs-font/-/videojs-font-3.2.0.tgz#212c9d3f4e4ec3fa7345167d64316add35e92232"
  integrity sha512-g8vHMKK2/JGorSfqAZQUmYYNnXmfec4MLhwtEFS+mMs2IDY398GLysy6BH6K+aS1KMNu/xWZ8Sue/X/mdQPliA==

videojs-font@4.1.0:
  version "4.1.0"
  resolved "https://registry.yarnpkg.com/videojs-font/-/videojs-font-4.1.0.tgz#3ae1dbaac60b4f0f1c4e6f7ff9662a89df176015"
  integrity sha512-X1LuPfLZPisPLrANIAKCknZbZu5obVM/ylfd1CN+SsCmPZQ3UMDPcvLTpPBJxcBuTpHQq2MO1QCFt7p8spnZ/w==

videojs-mobile-ui@^0.7.0:
  version "0.7.0"
  resolved "https://registry.yarnpkg.com/videojs-mobile-ui/-/videojs-mobile-ui-0.7.0.tgz#cbac7ded4f51bf4ed45f4e59d01cf577d38a7c6c"
  integrity sha512-cfctMUsu+EJ8IYPfAHR6ZTr2fbJWL3Af9QpvTS7JFvEkrGSMLLpuH62uatQ3pxUs4MISs8kgb8/PUqROpfh7MQ==
  dependencies:
    global "^4.4.0"
    video.js "^7"

videojs-seek-buttons@^3.0.1:
  version "3.0.1"
  resolved "https://registry.yarnpkg.com/videojs-seek-buttons/-/videojs-seek-buttons-3.0.1.tgz#cc2adc23a6372e8aa6c2e9fd0fe7e7831a46747f"
  integrity sha512-scVWOqCMqHajlbwYZIzJ5nBYkDXTAhEpWjfcdCu8ykksA1barrKnEKdQvS84TtDWOx6UXDD/e/x0acYEZCDMEQ==
  dependencies:
    global "^4.4.0"

videojs-vtt.js@0.15.4:
  version "0.15.4"
  resolved "https://registry.yarnpkg.com/videojs-vtt.js/-/videojs-vtt.js-0.15.4.tgz#5dc5aabcd82ba40c5595469bd855ea8230ca152c"
  integrity sha512-r6IhM325fcLb1D6pgsMkTQT1PpFdUdYZa1iqk7wJEu+QlibBwATPfPc9Bg8Jiym0GE5yP1AG2rMLu+QMVWkYtA==
  dependencies:
    global "^4.3.1"

videojs-vtt.js@^0.15.5:
  version "0.15.5"
  resolved "https://registry.yarnpkg.com/videojs-vtt.js/-/videojs-vtt.js-0.15.5.tgz#567776eaf2a7a928d88b148a8b401ade2406f2ca"
  integrity sha512-yZbBxvA7QMYn15Lr/ZfhhLPrNpI/RmCSCqgIff57GC2gIrV5YfyzLfLyZMj0NnZSAz8syB4N0nHXpZg9MyrMOQ==
  dependencies:
    global "^4.3.1"

"webcomponents.js@git+https://git@github.com/webcomponents/webcomponentsjs.git#v0.7.24":
  version "0.7.24"
  resolved "git+https://git@github.com/webcomponents/webcomponentsjs.git#8a2e40557b177e2cca0def2553f84c8269c8f93e"

yarn@^1.22.19:
  version "1.22.19"
  resolved "https://registry.yarnpkg.com/yarn/-/yarn-1.22.19.tgz#4ba7fc5c6e704fce2066ecbfb0b0d8976fe62447"
  integrity sha512-/0V5q0WbslqnwP91tirOvldvYISzaqhClxzyUKXYxs07yUILIs5jx/k6CFe8bvKSkds5w+eiOqta39Wk3WxdcQ==
